{
  "https://res.cloudinary.com/dr85cqwlh/video/upload/v1723582827/663e8db2405f4d0ccf707fa1_AdobeStock_572169980_handbrake-transcode_if1rm6.mp4": { "integrity": "sha512-v+tVCQq6xqlkH/dTAiUnw1SHHB4uzpd/oxPCnlu9Hd3w2jRZ4SCEkAe/Q3Uy6d5EbkifFwTQss46sCZdMs9+yA==", "contentType": "video/mp4;codecs=avc1" },
  "version": 1
}
